
Microsoft Visual Studio Solution File, Format Version 12.00
# Visual Studio Version 17
VisualStudioVersion = 17.7.34031.279
MinimumVisualStudioVersion = 10.0.40219.1
Project("{FAE04EC0-301F-11D3-BF4B-00C04F79EFBC}") = "Client", "Client.csproj", "{8D3322B0-3621-48DB-9C3C-57CCCB940CF7}"
EndProject
Project("{FAE04EC0-301F-11D3-BF4B-00C04F79EFBC}") = "Server", "..\ConsoleApp2\Server.csproj", "{20A37E4F-2B22-4C81-A8C7-3238276F198A}"
EndProject
Global
	GlobalSection(SolutionConfigurationPlatforms) = preSolution
		Debug|Any CPU = Debug|Any CPU
		Release|Any CPU = Release|Any CPU
	EndGlobalSection
	GlobalSection(ProjectConfigurationPlatforms) = postSolution
		{8D3322B0-3621-48DB-9C3C-57CCCB940CF7}.Debug|Any CPU.ActiveCfg = Debug|Any CPU
		{8D3322B0-3621-48DB-9C3C-57CCCB940CF7}.Debug|Any CPU.Build.0 = Debug|Any CPU
		{8D3322B0-3621-48DB-9C3C-57CCCB940CF7}.Release|Any CPU.ActiveCfg = Release|Any CPU
		{8D3322B0-3621-48DB-9C3C-57CCCB940CF7}.Release|Any CPU.Build.0 = Release|Any CPU
		{20A37E4F-2B22-4C81-A8C7-3238276F198A}.Debug|Any CPU.ActiveCfg = Debug|Any CPU
		{20A37E4F-2B22-4C81-A8C7-3238276F198A}.Debug|Any CPU.Build.0 = Debug|Any CPU
		{20A37E4F-2B22-4C81-A8C7-3238276F198A}.Release|Any CPU.ActiveCfg = Release|Any CPU
		{20A37E4F-2B22-4C81-A8C7-3238276F198A}.Release|Any CPU.Build.0 = Release|Any CPU
	EndGlobalSection
	GlobalSection(SolutionProperties) = preSolution
		HideSolutionNode = FALSE
	EndGlobalSection
	GlobalSection(ExtensibilityGlobals) = postSolution
		SolutionGuid = {5ED56AFA-BCF3-462A-804F-08057C8E2EDB}
	EndGlobalSection
EndGlobal
